# This file is automatically @generated by Cargo.
# It is not intended for manual editing.
version = 4

[[package]]
name = "lean-doc"
version = "0.1.0"
dependencies = [
 "lean-doc-global",
 "lean-doc-incr",
 "lean-doc-ir",
 "lean-doc-md",
 "lean-doc-render",
]

[[package]]
name = "lean-doc-global"
version = "0.1.0"

[[package]]
name = "lean-doc-incr"
version = "0.1.0"

[[package]]
name = "lean-doc-ir"
version = "0.1.0"

[[package]]
name = "lean-doc-md"
version = "0.1.0"

[[package]]
name = "lean-doc-render"
version = "0.1.0"
